
Microsoft Visual Studio Solution File, Format Version 12.00
# Visual Studio Version 16
VisualStudioVersion = 16.0.30225.117
MinimumVisualStudioVersion = 10.0.40219.1
Project("{FAE04EC0-301F-11D3-BF4B-00C04F79EFBC}") = "LargestandSmallestNumber", "LargestandSmallestNumber\LargestandSmallestNumber.csproj", "{AEF8A95A-BDB3-45FB-AB5B-06E33FA558B3}"
EndProject
Global
	GlobalSection(SolutionConfigurationPlatforms) = preSolution
		Debug|Any CPU = Debug|Any CPU
		Release|Any CPU = Release|Any CPU
	EndGlobalSection
	GlobalSection(ProjectConfigurationPlatforms) = postSolution
		{AEF8A95A-BDB3-45FB-AB5B-06E33FA558B3}.Debug|Any CPU.ActiveCfg = Debug|Any CPU
		{AEF8A95A-BDB3-45FB-AB5B-06E33FA558B3}.Debug|Any CPU.Build.0 = Debug|Any CPU
		{AEF8A95A-BDB3-45FB-AB5B-06E33FA558B3}.Release|Any CPU.ActiveCfg = Release|Any CPU
		{AEF8A95A-BDB3-45FB-AB5B-06E33FA558B3}.Release|Any CPU.Build.0 = Release|Any CPU
	EndGlobalSection
	GlobalSection(SolutionProperties) = preSolution
		HideSolutionNode = FALSE
	EndGlobalSection
	GlobalSection(ExtensibilityGlobals) = postSolution
		SolutionGuid = {53D333A0-4D34-4CE5-8C9C-5F1AB920BFD8}
	EndGlobalSection
EndGlobal
